
Microsoft Visual Studio Solution File, Format Version 12.00
# Visual Studio Version 16
VisualStudioVersion = 16.0.30717.126
MinimumVisualStudioVersion = 10.0.40219.1
Project("{FAE04EC0-301F-11D3-BF4B-00C04F79EFBC}") = "Dictyna", "Dictyna\Dictyna.csproj", "{5E480EF0-8B1D-4C7B-A22E-85FA83DE3D17}"
EndProject
Global
	GlobalSection(SolutionConfigurationPlatforms) = preSolution
		Debug|Any CPU = Debug|Any CPU
		Release|Any CPU = Release|Any CPU
	EndGlobalSection
	GlobalSection(ProjectConfigurationPlatforms) = postSolution
		{5E480EF0-8B1D-4C7B-A22E-85FA83DE3D17}.Debug|Any CPU.ActiveCfg = Debug|Any CPU
		{5E480EF0-8B1D-4C7B-A22E-85FA83DE3D17}.Debug|Any CPU.Build.0 = Debug|Any CPU
		{5E480EF0-8B1D-4C7B-A22E-85FA83DE3D17}.Release|Any CPU.ActiveCfg = Release|Any CPU
		{5E480EF0-8B1D-4C7B-A22E-85FA83DE3D17}.Release|Any CPU.Build.0 = Release|Any CPU
	EndGlobalSection
	GlobalSection(SolutionProperties) = preSolution
		HideSolutionNode = FALSE
	EndGlobalSection
	GlobalSection(ExtensibilityGlobals) = postSolution
		SolutionGuid = {E149EC7E-2F3A-4BA6-A41F-C5848380BAAD}
	EndGlobalSection
EndGlobal
